
Microsoft Visual Studio Solution File, Format Version 12.00
# Visual Studio Version 17
VisualStudioVersion = 17.4.33213.308
MinimumVisualStudioVersion = 10.0.40219.1
Project("{FAE04EC0-301F-11D3-BF4B-00C04F79EFBC}") = "Tabela Biblioteca", "Tabela Biblioteca\Tabela Biblioteca.csproj", "{445B5518-8B9F-4778-B3B5-16D9EF2ED403}"
EndProject
Global
	GlobalSection(SolutionConfigurationPlatforms) = preSolution
		Debug|Any CPU = Debug|Any CPU
		Release|Any CPU = Release|Any CPU
	EndGlobalSection
	GlobalSection(ProjectConfigurationPlatforms) = postSolution
		{445B5518-8B9F-4778-B3B5-16D9EF2ED403}.Debug|Any CPU.ActiveCfg = Debug|Any CPU
		{445B5518-8B9F-4778-B3B5-16D9EF2ED403}.Debug|Any CPU.Build.0 = Debug|Any CPU
		{445B5518-8B9F-4778-B3B5-16D9EF2ED403}.Release|Any CPU.ActiveCfg = Release|Any CPU
		{445B5518-8B9F-4778-B3B5-16D9EF2ED403}.Release|Any CPU.Build.0 = Release|Any CPU
	EndGlobalSection
	GlobalSection(SolutionProperties) = preSolution
		HideSolutionNode = FALSE
	EndGlobalSection
	GlobalSection(ExtensibilityGlobals) = postSolution
		SolutionGuid = {E845B80C-73BB-4930-8E93-F59F6111ECD6}
	EndGlobalSection
EndGlobal
